
Microsoft Visual Studio Solution File, Format Version 11.00
# Visual Studio 2010
Project("{FAE04EC0-301F-11D3-BF4B-00C04F79EFBC}") = "UnitTests.Core.LanguageProcessing", "UnitTests.Core.LanguageProcessing\UnitTests.Core.LanguageProcessing.csproj", "{90B32DED-628B-49A9-8AED-037E4E911C38}"
EndProject
Project("{2150E333-8FDC-42A3-9474-1A3956D46DE8}") = "Library", "Library", "{90538706-D9C8-4551-8227-12813F85FDF7}"
EndProject
Project("{FAE04EC0-301F-11D3-BF4B-00C04F79EFBC}") = "Core.LanguageProcessing", "..\source\Core.LanguageProcessing\Core.LanguageProcessing.csproj", "{C9C215DA-4F81-4F81-9B05-AC64AD52114F}"
EndProject
Project("{FAE04EC0-301F-11D3-BF4B-00C04F79EFBC}") = "Core.LanguageProcessing.CSharp", "..\source\Core.LanguageProcessing\Core.LanguageProcessing.CSharp\Core.LanguageProcessing.CSharp.csproj", "{F832AB6A-7237-4D4C-948B-6B02C842F0F5}"
EndProject
Global
	GlobalSection(SolutionConfigurationPlatforms) = preSolution
		Debug|Any CPU = Debug|Any CPU
		Release|Any CPU = Release|Any CPU
	EndGlobalSection
	GlobalSection(ProjectConfigurationPlatforms) = postSolution
		{90B32DED-628B-49A9-8AED-037E4E911C38}.Debug|Any CPU.ActiveCfg = Debug|Any CPU
		{90B32DED-628B-49A9-8AED-037E4E911C38}.Debug|Any CPU.Build.0 = Debug|Any CPU
		{90B32DED-628B-49A9-8AED-037E4E911C38}.Release|Any CPU.ActiveCfg = Release|Any CPU
		{90B32DED-628B-49A9-8AED-037E4E911C38}.Release|Any CPU.Build.0 = Release|Any CPU
		{C9C215DA-4F81-4F81-9B05-AC64AD52114F}.Debug|Any CPU.ActiveCfg = Debug|Any CPU
		{C9C215DA-4F81-4F81-9B05-AC64AD52114F}.Debug|Any CPU.Build.0 = Debug|Any CPU
		{C9C215DA-4F81-4F81-9B05-AC64AD52114F}.Release|Any CPU.ActiveCfg = Release|Any CPU
		{C9C215DA-4F81-4F81-9B05-AC64AD52114F}.Release|Any CPU.Build.0 = Release|Any CPU
		{F832AB6A-7237-4D4C-948B-6B02C842F0F5}.Debug|Any CPU.ActiveCfg = Debug|Any CPU
		{F832AB6A-7237-4D4C-948B-6B02C842F0F5}.Debug|Any CPU.Build.0 = Debug|Any CPU
		{F832AB6A-7237-4D4C-948B-6B02C842F0F5}.Release|Any CPU.ActiveCfg = Release|Any CPU
		{F832AB6A-7237-4D4C-948B-6B02C842F0F5}.Release|Any CPU.Build.0 = Release|Any CPU
	EndGlobalSection
	GlobalSection(NestedProjects) = preSolution
		{C9C215DA-4F81-4F81-9B05-AC64AD52114F} = {90538706-D9C8-4551-8227-12813F85FDF7}
		{F832AB6A-7237-4D4C-948B-6B02C842F0F5} = {90538706-D9C8-4551-8227-12813F85FDF7}
	EndGlobalSection
	GlobalSection(SolutionProperties) = preSolution
		HideSolutionNode = FALSE
	EndGlobalSection
EndGlobal
