
Microsoft Visual Studio Solution File, Format Version 11.00
# Visual Studio 2010
Project("{FAE04EC0-301F-11D3-BF4B-00C04F79EFBC}") = "Realm.Bindings.XamarinAndroid", "Realm.Bindings.XamarinAndroid\Realm.Bindings.XamarinAndroid.csproj", "{59712A60-CF15-4D7B-B92D-ABCCCA3792FD}"
EndProject
Project("{FAE04EC0-301F-11D3-BF4B-00C04F79EFBC}") = "Realm.Bindings.XamarinIOS", "Realm.Bindings.XamarinIOS\Realm.Bindings.XamarinIOS.csproj", "{30E8E09B-B1E1-4808-9518-6B15A063FB70}"
EndProject
Project("{FAE04EC0-301F-11D3-BF4B-00C04F79EFBC}") = "Realm.Bindings.XamarinIOS-Classic", "Realm.Bindings.XamarinIOS-Classic\Realm.Bindings.XamarinIOS-Classic.csproj", "{010FCF79-7B2D-4278-A804-0E3080850709}"
EndProject
Global
	GlobalSection(SolutionConfigurationPlatforms) = preSolution
		Debug|Any CPU = Debug|Any CPU
		Release|Any CPU = Release|Any CPU
	EndGlobalSection
	GlobalSection(ProjectConfigurationPlatforms) = postSolution
		{010FCF79-7B2D-4278-A804-0E3080850709}.Debug|Any CPU.ActiveCfg = Debug|Any CPU
		{010FCF79-7B2D-4278-A804-0E3080850709}.Debug|Any CPU.Build.0 = Debug|Any CPU
		{010FCF79-7B2D-4278-A804-0E3080850709}.Release|Any CPU.ActiveCfg = Release|Any CPU
		{010FCF79-7B2D-4278-A804-0E3080850709}.Release|Any CPU.Build.0 = Release|Any CPU
		{30E8E09B-B1E1-4808-9518-6B15A063FB70}.Debug|Any CPU.ActiveCfg = Debug|Any CPU
		{30E8E09B-B1E1-4808-9518-6B15A063FB70}.Debug|Any CPU.Build.0 = Debug|Any CPU
		{30E8E09B-B1E1-4808-9518-6B15A063FB70}.Release|Any CPU.ActiveCfg = Release|Any CPU
		{30E8E09B-B1E1-4808-9518-6B15A063FB70}.Release|Any CPU.Build.0 = Release|Any CPU
		{59712A60-CF15-4D7B-B92D-ABCCCA3792FD}.Debug|Any CPU.ActiveCfg = Debug|Any CPU
		{59712A60-CF15-4D7B-B92D-ABCCCA3792FD}.Debug|Any CPU.Build.0 = Debug|Any CPU
		{59712A60-CF15-4D7B-B92D-ABCCCA3792FD}.Release|Any CPU.ActiveCfg = Release|Any CPU
		{59712A60-CF15-4D7B-B92D-ABCCCA3792FD}.Release|Any CPU.Build.0 = Release|Any CPU
	EndGlobalSection
	GlobalSection(SolutionProperties) = preSolution
		HideSolutionNode = FALSE
	EndGlobalSection
EndGlobal
